{
  "version": 1,
  "dependencies": {
    "UAP,Version=v10.0.17763": {
      "boost": {
        "type": "Transitive",
        "resolved": "1.83.0",
        "contentHash": "cy53VNMzysEMvhBixDe8ujPk67Fcj3v6FPHQnH91NYJNLHpc6jxa2xq9ruCaaJjE4M3YrGSHDi4uUSTGBWw6EQ=="
      },
      "Microsoft.Build.Tasks.Git": {
        "type": "Transitive",
        "resolved": "1.1.1",
        "contentHash": "AT3HlgTjsqHnWpBHSNeR0KxbLZD7bztlZVj7I8vgeYG9SYqbeFGh0TM/KVtC6fg53nrWHl3VfZFvb5BiQFcY6Q=="
      },
      "Microsoft.JavaScript.Hermes": {
        "type": "Transitive",
        "resolved": "0.0.0-2505.2001-0e4bc3b9",
        "contentHash": "VNSUBgaGzJ/KkK3Br0b9FORkCgKqke54hi48vG42xRACIlxN+uLFMz0hRo+KHogz+Fsn+ltXicGwQsDVpmaCMg=="
      },
      "Microsoft.SourceLink.Common": {
        "type": "Transitive",
        "resolved": "1.1.1",
        "contentHash": "WMcGpWKrmJmzrNeuaEb23bEMnbtR/vLmvZtkAP5qWu7vQsY59GqfRJd65sFpBszbd2k/bQ8cs8eWawQKAabkVg=="
      },
      "Microsoft.SourceLink.GitHub": {
        "type": "Transitive",
        "resolved": "1.1.1",
        "contentHash": "IaJGnOv/M7UQjRJks7B6p7pbPnOwisYGOIzqCz5ilGFTApZ3ktOR+6zJ12ZRPInulBmdAf1SrGdDG2MU8g6XTw==",
        "dependencies": {
          "Microsoft.Build.Tasks.Git": "1.1.1",
          "Microsoft.SourceLink.Common": "1.1.1"
        }
      },
      "Microsoft.VCRTForwarders.140": {
        "type": "Transitive",
        "resolved": "1.0.2-rc",
        "contentHash": "/r+sjtEeCIGyDhobIZ5hSmYhC/dSyGZxf1SxYJpElUhB0LMCktOMFs9gXrauXypIFECpVynNyVjAmJt6hjJ5oQ=="
      },
      "Microsoft.Web.WebView2": {
        "type": "Transitive",
        "resolved": "1.0.3179.45",
        "contentHash": "3pokSH5CnN0G6rGhGFo1y87inxYhNxBQ2Vdf0wlvBj99KHxQJormjDACmqRnFeUsmuNFIhWwfAL1ztq7wD5qRA=="
      },
      "Microsoft.Windows.SDK.BuildTools": {
        "type": "Transitive",
        "resolved": "10.0.22621.3233",
        "contentHash": "v67zwCb9JOpfPxdSroZukIKHruU6FUB+KwcmSPcVvUFyYtcyvcUign5y8jPQNi54CVzWvaTg646e62LbanUkxg=="
      },
      "Microsoft.Windows.SDK.BuildTools.MSIX": {
        "type": "Transitive",
        "resolved": "1.8.0-main.20250602.0",
        "contentHash": "90N1e33AaGPzYwyRszDpbIIh8/6LaI17i8g1jn8IECsNoleJ4J/zYSJt6DwZvbdGPQJKjxY5xoPRyFpG4PG9Ww=="
      },
      "Microsoft.WindowsAppSDK": {
        "type": "Transitive",
        "resolved": "1.8.250723001-experimental",
        "contentHash": "hwkSFVomLxah9wMYix3U4xJHBCN7eDpkkEQFjOHpMRHWk0yw3cSFfJSAIZFXRGCafqdc5We/+KZ7g1VVlROvXQ==",
        "dependencies": {
          "Microsoft.WindowsAppSDK.AI": "[1.8.407-experimental]",
          "Microsoft.WindowsAppSDK.Base": "[1.8.250714001-experimental]",
          "Microsoft.WindowsAppSDK.DWrite": "[1.8.25071701-main]",
          "Microsoft.WindowsAppSDK.Foundation": "[1.8.250708003-experimental]",
          "Microsoft.WindowsAppSDK.InteractiveExperiences": "[1.9.250626001-experimental]",
          "Microsoft.WindowsAppSDK.ML": "[1.8.1031-experimental]",
          "Microsoft.WindowsAppSDK.Runtime": "[1.8.250723001-experimental]",
          "Microsoft.WindowsAppSDK.Widgets": "[1.8.250626001-experimental]",
          "Microsoft.WindowsAppSDK.WinUI": "[1.8.250721000-zmain]"
        }
      },
      "Microsoft.WindowsAppSDK.AI": {
        "type": "Transitive",
        "resolved": "1.8.407-experimental",
        "contentHash": "evbWwVGjLM2YPajnt4GztSUFJEp9Mk/6KdOU/LL2i3VB/gmzyAZBKwi7Xj8a7EDG3A4GuFY+iTs8omIbpIxXbA==",
        "dependencies": {
          "Microsoft.WindowsAppSDK.Base": "1.8.250509001-experimental",
          "Microsoft.WindowsAppSDK.Foundation": "1.8.250701000-experimental"
        }
      },
      "Microsoft.WindowsAppSDK.Base": {
        "type": "Transitive",
        "resolved": "1.8.250714001-experimental",
        "contentHash": "okHU3+Fa51hPFol6rS/v2UffL9v0/24r0YfMAwagVRegztj0reb6tSOC43NXA3jctnMmaJGTRv5jDwC5V31iQg==",
        "dependencies": {
          "Microsoft.Windows.SDK.BuildTools": "10.0.22621.3233",
          "Microsoft.Windows.SDK.BuildTools.MSIX": "1.8.0-main.20250602.0"
        }
      },
      "Microsoft.WindowsAppSDK.DWrite": {
        "type": "Transitive",
        "resolved": "1.8.25071701-main",
        "contentHash": "+OiRewmQJXLYBiDfrYwS2P6+kmiQ+07qxwrzOe//v2y1MNvjSK6AvSN+iEikrQ3RK0HbnR0fjKRAnXXvlE/yPQ==",
        "dependencies": {
          "Microsoft.WindowsAppSDK.Base": "1.8.250501001-experimental"
        }
      },
      "Microsoft.WindowsAppSDK.Foundation": {
        "type": "Transitive",
        "resolved": "1.8.250708003-experimental",
        "contentHash": "5D0fNlMSInqwN4P4IACyMO+PH3WPdl8moWoEfm6wPRLrr0Fm50/g4PJcSfmnP8LgPWUXcXo2+daPnHjAo56Q6Q==",
        "dependencies": {
          "Microsoft.WindowsAppSDK.Base": "1.8.250701001-experimental",
          "Microsoft.WindowsAppSDK.InteractiveExperiences": "1.9.250626001-experimental"
        }
      },
      "Microsoft.WindowsAppSDK.InteractiveExperiences": {
        "type": "Transitive",
        "resolved": "1.9.250626001-experimental",
        "contentHash": "1PT/bvTaT0+QUIfSNk9E/vPA9JeyGErp+CkPJmLCW5mNYnF/Jg2iXoNK+MwxyaJG36KNYM632l4XpWzBO8nRrw==",
        "dependencies": {
          "Microsoft.WindowsAppSDK.Base": "1.8.250501001-experimental"
        }
      },
      "Microsoft.WindowsAppSDK.ML": {
        "type": "Transitive",
        "resolved": "1.8.1031-experimental",
        "contentHash": "ZiRQ4qSuk/bW5TiBRKXy2ynsPDuehue7cckg8y8t2MrzbCiWESMSoe0MQj3fD8jTgJ0bVr2usWjBENnrZ4XiQg==",
        "dependencies": {
          "Microsoft.WindowsAppSDK.Base": "1.8.250501001-experimental",
          "Microsoft.WindowsAppSDK.Foundation": "1.8.0-20250429.5.nightly.internal"
        }
      },
      "Microsoft.WindowsAppSDK.Runtime": {
        "type": "Transitive",
        "resolved": "1.8.250723001-experimental",
        "contentHash": "IzV4Axcy4lNP4/MK8wdeUPR7lZa1WQCi2XIQ24gctk/axuT1piN8C8ARLxU0dt/lwfsMIsgsWtzb7hHJmsePFQ==",
        "dependencies": {
          "Microsoft.WindowsAppSDK.Base": "1.8.250714001-experimental"
        }
      },
      "Microsoft.WindowsAppSDK.Widgets": {
        "type": "Transitive",
        "resolved": "1.8.250626001-experimental",
        "contentHash": "pU+0/uwvQj9yNxUnx/WId5MQXr8hb0upbdRul610g1m+Qyb7GkJFNw9dTNERro823y3EPstvFdJoIcjsILRpbw==",
        "dependencies": {
          "Microsoft.WindowsAppSDK.Base": "1.8.250501001-experimental"
        }
      },
      "Microsoft.WindowsAppSDK.WinUI": {
        "type": "Transitive",
        "resolved": "1.8.250721000-zmain",
        "contentHash": "QoHS9UVMe6QEZCWcAXuSNxiyKMyWE9GIUa1ZUng3vi1MTN4sCG8CbZpAyINLsBmsD76qd4d8cv4JqTQkxspIqg==",
        "dependencies": {
          "Microsoft.Web.WebView2": "1.0.3179.45",
          "Microsoft.WindowsAppSDK.Base": "1.8.250714001-experimental",
          "Microsoft.WindowsAppSDK.Foundation": "1.8.250708003-experimental",
          "Microsoft.WindowsAppSDK.InteractiveExperiences": "1.9.250626001-experimental"
        }
      },
      "automationchannel": {
        "type": "Project",
        "dependencies": {
          "Microsoft.ReactNative": "[1.0.0, )",
          "Microsoft.ReactNative.Xaml": "[1.0.0, )",
          "Microsoft.VCRTForwarders.140": "[1.0.2-rc, )",
          "Microsoft.WindowsAppSDK": "[1.8.250723001-experimental, )",
          "boost": "[1.83.0, )"
        }
      },
      "common": {
        "type": "Project",
        "dependencies": {
          "boost": "[1.83.0, )"
        }
      },
      "fmt": {
        "type": "Project"
      },
      "folly": {
        "type": "Project",
        "dependencies": {
          "boost": "[1.83.0, )",
          "fmt": "[1.0.0, )"
        }
      },
      "microsoft.reactnative": {
        "type": "Project",
        "dependencies": {
          "Common": "[1.0.0, )",
          "Folly": "[1.0.0, )",
          "Microsoft.JavaScript.Hermes": "[0.0.0-2505.2001-0e4bc3b9, )",
          "Microsoft.SourceLink.GitHub": "[1.1.1, )",
          "Microsoft.WindowsAppSDK": "[1.8.250723001-experimental, )",
          "ReactCommon": "[1.0.0, )",
          "boost": "[1.83.0, )"
        }
      },
      "microsoft.reactnative.xaml": {
        "type": "Project",
        "dependencies": {
          "Common": "[1.0.0, )",
          "Folly": "[1.0.0, )",
          "Microsoft.ReactNative": "[1.0.0, )",
          "Microsoft.WindowsAppSDK": "[1.8.250723001-experimental, )",
          "ReactCommon": "[1.0.0, )",
          "boost": "[1.83.0, )"
        }
      },
      "reactcommon": {
        "type": "Project",
        "dependencies": {
          "Folly": "[1.0.0, )",
          "boost": "[1.83.0, )"
        }
      },
      "rntesterapp-fabric": {
        "type": "Project",
        "dependencies": {
          "AutomationChannel": "[1.0.0, )",
          "Microsoft.JavaScript.Hermes": "[0.0.0-2505.2001-0e4bc3b9, )",
          "Microsoft.ReactNative": "[1.0.0, )",
          "Microsoft.ReactNative.Xaml": "[1.0.0, )",
          "Microsoft.VCRTForwarders.140": "[1.0.2-rc, )",
          "Microsoft.WindowsAppSDK": "[1.8.250723001-experimental, )",
          "boost": "[1.83.0, )"
        }
      }
    },
    "UAP,Version=v10.0.17763/win10-arm": {
      "Microsoft.VCRTForwarders.140": {
        "type": "Transitive",
        "resolved": "1.0.2-rc",
        "contentHash": "/r+sjtEeCIGyDhobIZ5hSmYhC/dSyGZxf1SxYJpElUhB0LMCktOMFs9gXrauXypIFECpVynNyVjAmJt6hjJ5oQ=="
      },
      "Microsoft.Web.WebView2": {
        "type": "Transitive",
        "resolved": "1.0.3179.45",
        "contentHash": "3pokSH5CnN0G6rGhGFo1y87inxYhNxBQ2Vdf0wlvBj99KHxQJormjDACmqRnFeUsmuNFIhWwfAL1ztq7wD5qRA=="
      },
      "Microsoft.WindowsAppSDK.Foundation": {
        "type": "Transitive",
        "resolved": "1.8.250708003-experimental",
        "contentHash": "5D0fNlMSInqwN4P4IACyMO+PH3WPdl8moWoEfm6wPRLrr0Fm50/g4PJcSfmnP8LgPWUXcXo2+daPnHjAo56Q6Q==",
        "dependencies": {
          "Microsoft.WindowsAppSDK.Base": "1.8.250701001-experimental",
          "Microsoft.WindowsAppSDK.InteractiveExperiences": "1.9.250626001-experimental"
        }
      }
    },
    "UAP,Version=v10.0.17763/win10-arm-aot": {
      "Microsoft.VCRTForwarders.140": {
        "type": "Transitive",
        "resolved": "1.0.2-rc",
        "contentHash": "/r+sjtEeCIGyDhobIZ5hSmYhC/dSyGZxf1SxYJpElUhB0LMCktOMFs9gXrauXypIFECpVynNyVjAmJt6hjJ5oQ=="
      },
      "Microsoft.Web.WebView2": {
        "type": "Transitive",
        "resolved": "1.0.3179.45",
        "contentHash": "3pokSH5CnN0G6rGhGFo1y87inxYhNxBQ2Vdf0wlvBj99KHxQJormjDACmqRnFeUsmuNFIhWwfAL1ztq7wD5qRA=="
      },
      "Microsoft.WindowsAppSDK.Foundation": {
        "type": "Transitive",
        "resolved": "1.8.250708003-experimental",
        "contentHash": "5D0fNlMSInqwN4P4IACyMO+PH3WPdl8moWoEfm6wPRLrr0Fm50/g4PJcSfmnP8LgPWUXcXo2+daPnHjAo56Q6Q==",
        "dependencies": {
          "Microsoft.WindowsAppSDK.Base": "1.8.250701001-experimental",
          "Microsoft.WindowsAppSDK.InteractiveExperiences": "1.9.250626001-experimental"
        }
      }
    },
    "UAP,Version=v10.0.17763/win10-arm64-aot": {
      "Microsoft.VCRTForwarders.140": {
        "type": "Transitive",
        "resolved": "1.0.2-rc",
        "contentHash": "/r+sjtEeCIGyDhobIZ5hSmYhC/dSyGZxf1SxYJpElUhB0LMCktOMFs9gXrauXypIFECpVynNyVjAmJt6hjJ5oQ=="
      },
      "Microsoft.Web.WebView2": {
        "type": "Transitive",
        "resolved": "1.0.3179.45",
        "contentHash": "3pokSH5CnN0G6rGhGFo1y87inxYhNxBQ2Vdf0wlvBj99KHxQJormjDACmqRnFeUsmuNFIhWwfAL1ztq7wD5qRA=="
      },
      "Microsoft.WindowsAppSDK.Foundation": {
        "type": "Transitive",
        "resolved": "1.8.250708003-experimental",
        "contentHash": "5D0fNlMSInqwN4P4IACyMO+PH3WPdl8moWoEfm6wPRLrr0Fm50/g4PJcSfmnP8LgPWUXcXo2+daPnHjAo56Q6Q==",
        "dependencies": {
          "Microsoft.WindowsAppSDK.Base": "1.8.250701001-experimental",
          "Microsoft.WindowsAppSDK.InteractiveExperiences": "1.9.250626001-experimental"
        }
      }
    },
    "UAP,Version=v10.0.17763/win10-x64": {
      "Microsoft.VCRTForwarders.140": {
        "type": "Transitive",
        "resolved": "1.0.2-rc",
        "contentHash": "/r+sjtEeCIGyDhobIZ5hSmYhC/dSyGZxf1SxYJpElUhB0LMCktOMFs9gXrauXypIFECpVynNyVjAmJt6hjJ5oQ=="
      },
      "Microsoft.Web.WebView2": {
        "type": "Transitive",
        "resolved": "1.0.3179.45",
        "contentHash": "3pokSH5CnN0G6rGhGFo1y87inxYhNxBQ2Vdf0wlvBj99KHxQJormjDACmqRnFeUsmuNFIhWwfAL1ztq7wD5qRA=="
      },
      "Microsoft.WindowsAppSDK.Foundation": {
        "type": "Transitive",
        "resolved": "1.8.250708003-experimental",
        "contentHash": "5D0fNlMSInqwN4P4IACyMO+PH3WPdl8moWoEfm6wPRLrr0Fm50/g4PJcSfmnP8LgPWUXcXo2+daPnHjAo56Q6Q==",
        "dependencies": {
          "Microsoft.WindowsAppSDK.Base": "1.8.250701001-experimental",
          "Microsoft.WindowsAppSDK.InteractiveExperiences": "1.9.250626001-experimental"
        }
      }
    },
    "UAP,Version=v10.0.17763/win10-x64-aot": {
      "Microsoft.VCRTForwarders.140": {
        "type": "Transitive",
        "resolved": "1.0.2-rc",
        "contentHash": "/r+sjtEeCIGyDhobIZ5hSmYhC/dSyGZxf1SxYJpElUhB0LMCktOMFs9gXrauXypIFECpVynNyVjAmJt6hjJ5oQ=="
      },
      "Microsoft.Web.WebView2": {
        "type": "Transitive",
        "resolved": "1.0.3179.45",
        "contentHash": "3pokSH5CnN0G6rGhGFo1y87inxYhNxBQ2Vdf0wlvBj99KHxQJormjDACmqRnFeUsmuNFIhWwfAL1ztq7wD5qRA=="
      },
      "Microsoft.WindowsAppSDK.Foundation": {
        "type": "Transitive",
        "resolved": "1.8.250708003-experimental",
        "contentHash": "5D0fNlMSInqwN4P4IACyMO+PH3WPdl8moWoEfm6wPRLrr0Fm50/g4PJcSfmnP8LgPWUXcXo2+daPnHjAo56Q6Q==",
        "dependencies": {
          "Microsoft.WindowsAppSDK.Base": "1.8.250701001-experimental",
          "Microsoft.WindowsAppSDK.InteractiveExperiences": "1.9.250626001-experimental"
        }
      }
    },
    "UAP,Version=v10.0.17763/win10-x86": {
      "Microsoft.VCRTForwarders.140": {
        "type": "Transitive",
        "resolved": "1.0.2-rc",
        "contentHash": "/r+sjtEeCIGyDhobIZ5hSmYhC/dSyGZxf1SxYJpElUhB0LMCktOMFs9gXrauXypIFECpVynNyVjAmJt6hjJ5oQ=="
      },
      "Microsoft.Web.WebView2": {
        "type": "Transitive",
        "resolved": "1.0.3179.45",
        "contentHash": "3pokSH5CnN0G6rGhGFo1y87inxYhNxBQ2Vdf0wlvBj99KHxQJormjDACmqRnFeUsmuNFIhWwfAL1ztq7wD5qRA=="
      },
      "Microsoft.WindowsAppSDK.Foundation": {
        "type": "Transitive",
        "resolved": "1.8.250708003-experimental",
        "contentHash": "5D0fNlMSInqwN4P4IACyMO+PH3WPdl8moWoEfm6wPRLrr0Fm50/g4PJcSfmnP8LgPWUXcXo2+daPnHjAo56Q6Q==",
        "dependencies": {
          "Microsoft.WindowsAppSDK.Base": "1.8.250701001-experimental",
          "Microsoft.WindowsAppSDK.InteractiveExperiences": "1.9.250626001-experimental"
        }
      }
    },
    "UAP,Version=v10.0.17763/win10-x86-aot": {
      "Microsoft.VCRTForwarders.140": {
        "type": "Transitive",
        "resolved": "1.0.2-rc",
        "contentHash": "/r+sjtEeCIGyDhobIZ5hSmYhC/dSyGZxf1SxYJpElUhB0LMCktOMFs9gXrauXypIFECpVynNyVjAmJt6hjJ5oQ=="
      },
      "Microsoft.Web.WebView2": {
        "type": "Transitive",
        "resolved": "1.0.3179.45",
        "contentHash": "3pokSH5CnN0G6rGhGFo1y87inxYhNxBQ2Vdf0wlvBj99KHxQJormjDACmqRnFeUsmuNFIhWwfAL1ztq7wD5qRA=="
      },
      "Microsoft.WindowsAppSDK.Foundation": {
        "type": "Transitive",
        "resolved": "1.8.250708003-experimental",
        "contentHash": "5D0fNlMSInqwN4P4IACyMO+PH3WPdl8moWoEfm6wPRLrr0Fm50/g4PJcSfmnP8LgPWUXcXo2+daPnHjAo56Q6Q==",
        "dependencies": {
          "Microsoft.WindowsAppSDK.Base": "1.8.250701001-experimental",
          "Microsoft.WindowsAppSDK.InteractiveExperiences": "1.9.250626001-experimental"
        }
      }
    }
  }
}